
Microsoft Visual Studio Solution File, Format Version 12.00
# Visual Studio 2012
Project("{8BC9CEB8-8B4A-11D0-8D11-00A0C91BC942}") = "Vehicle Counter", "Vehicle Counter\Vehicle Counter.vcxproj", "{386CCBDD-28F9-455D-9484-9BAB2EAE7D3E}"
EndProject
Project("{6141683F-8A12-4E36-9623-2EB02B2C2303}") = "vehiclecounter100Setup", "Setup\vehiclecounter100Setup.isproj", "{5AF7BCE8-81CC-4873-9688-CE783E41E853}"
	ProjectSection(ProjectDependencies) = postProject
		{386CCBDD-28F9-455D-9484-9BAB2EAE7D3E} = {386CCBDD-28F9-455D-9484-9BAB2EAE7D3E}
	EndProjectSection
EndProject
Global
	GlobalSection(SolutionConfigurationPlatforms) = preSolution
		CD_ROM|Win32 = CD_ROM|Win32
		Debug|Win32 = Debug|Win32
		DVD-5|Win32 = DVD-5|Win32
		Release|Win32 = Release|Win32
		SingleImage|Win32 = SingleImage|Win32
	EndGlobalSection
	GlobalSection(ProjectConfigurationPlatforms) = postSolution
		{386CCBDD-28F9-455D-9484-9BAB2EAE7D3E}.CD_ROM|Win32.ActiveCfg = Release|Win32
		{386CCBDD-28F9-455D-9484-9BAB2EAE7D3E}.CD_ROM|Win32.Build.0 = Release|Win32
		{386CCBDD-28F9-455D-9484-9BAB2EAE7D3E}.Debug|Win32.ActiveCfg = Debug|Win32
		{386CCBDD-28F9-455D-9484-9BAB2EAE7D3E}.Debug|Win32.Build.0 = Debug|Win32
		{386CCBDD-28F9-455D-9484-9BAB2EAE7D3E}.DVD-5|Win32.ActiveCfg = Debug|Win32
		{386CCBDD-28F9-455D-9484-9BAB2EAE7D3E}.DVD-5|Win32.Build.0 = Debug|Win32
		{386CCBDD-28F9-455D-9484-9BAB2EAE7D3E}.Release|Win32.ActiveCfg = Release|Win32
		{386CCBDD-28F9-455D-9484-9BAB2EAE7D3E}.Release|Win32.Build.0 = Release|Win32
		{386CCBDD-28F9-455D-9484-9BAB2EAE7D3E}.SingleImage|Win32.ActiveCfg = Release|Win32
		{386CCBDD-28F9-455D-9484-9BAB2EAE7D3E}.SingleImage|Win32.Build.0 = Release|Win32
		{5AF7BCE8-81CC-4873-9688-CE783E41E853}.CD_ROM|Win32.ActiveCfg = CD_ROM
		{5AF7BCE8-81CC-4873-9688-CE783E41E853}.CD_ROM|Win32.Build.0 = CD_ROM
		{5AF7BCE8-81CC-4873-9688-CE783E41E853}.Debug|Win32.ActiveCfg = DVD-5
		{5AF7BCE8-81CC-4873-9688-CE783E41E853}.Debug|Win32.Build.0 = DVD-5
		{5AF7BCE8-81CC-4873-9688-CE783E41E853}.DVD-5|Win32.ActiveCfg = DVD-5
		{5AF7BCE8-81CC-4873-9688-CE783E41E853}.DVD-5|Win32.Build.0 = DVD-5
		{5AF7BCE8-81CC-4873-9688-CE783E41E853}.Release|Win32.ActiveCfg = SingleImage
		{5AF7BCE8-81CC-4873-9688-CE783E41E853}.Release|Win32.Build.0 = SingleImage
		{5AF7BCE8-81CC-4873-9688-CE783E41E853}.SingleImage|Win32.ActiveCfg = SingleImage
		{5AF7BCE8-81CC-4873-9688-CE783E41E853}.SingleImage|Win32.Build.0 = SingleImage
	EndGlobalSection
	GlobalSection(SolutionProperties) = preSolution
		HideSolutionNode = FALSE
	EndGlobalSection
EndGlobal
